
Microsoft Visual Studio Solution File, Format Version 12.00
# Visual Studio Version 17
VisualStudioVersion = 17.1.32328.378
MinimumVisualStudioVersion = 10.0.40219.1
Project("{9A19103F-16F7-4668-BE54-9A1E7A4F7556}") = "blink", "blink.csproj", "{7F24E86C-FBD8-48E6-95DE-037D1EB81FD4}"
EndProject
Project("{9A19103F-16F7-4668-BE54-9A1E7A4F7556}") = "Sidekick.WinForms", "..\Sidekick.WinForms\Sidekick.WinForms.csproj", "{ED672B0B-F129-43A6-A5D3-7988A0531ECD}"
EndProject
Global
	GlobalSection(SolutionConfigurationPlatforms) = preSolution
		Debug|Any CPU = Debug|Any CPU
		Release|Any CPU = Release|Any CPU
	EndGlobalSection
	GlobalSection(ProjectConfigurationPlatforms) = postSolution
		{7F24E86C-FBD8-48E6-95DE-037D1EB81FD4}.Debug|Any CPU.ActiveCfg = Debug|Any CPU
		{7F24E86C-FBD8-48E6-95DE-037D1EB81FD4}.Debug|Any CPU.Build.0 = Debug|Any CPU
		{7F24E86C-FBD8-48E6-95DE-037D1EB81FD4}.Release|Any CPU.ActiveCfg = Release|Any CPU
		{7F24E86C-FBD8-48E6-95DE-037D1EB81FD4}.Release|Any CPU.Build.0 = Release|Any CPU
		{ED672B0B-F129-43A6-A5D3-7988A0531ECD}.Debug|Any CPU.ActiveCfg = Debug|Any CPU
		{ED672B0B-F129-43A6-A5D3-7988A0531ECD}.Debug|Any CPU.Build.0 = Debug|Any CPU
		{ED672B0B-F129-43A6-A5D3-7988A0531ECD}.Release|Any CPU.ActiveCfg = Release|Any CPU
		{ED672B0B-F129-43A6-A5D3-7988A0531ECD}.Release|Any CPU.Build.0 = Release|Any CPU
	EndGlobalSection
	GlobalSection(SolutionProperties) = preSolution
		HideSolutionNode = FALSE
	EndGlobalSection
	GlobalSection(ExtensibilityGlobals) = postSolution
		SolutionGuid = {3563E9A5-CCAC-4532-A410-F94A54269E13}
	EndGlobalSection
EndGlobal
